
Microsoft Visual Studio Solution File, Format Version 12.00
# Visual Studio Version 17
VisualStudioVersion = 17.5.002.0
MinimumVisualStudioVersion = 10.0.40219.1
Project("{9A19103F-16F7-4668-BE54-9A1E7A4F7556}") = "JoeyPauseBotWeb", "JoeyPauseBotWeb\JoeyPauseBotWeb.csproj", "{053A7958-836E-4F63-B868-BC016E54A95A}"
EndProject
Global
	GlobalSection(SolutionConfigurationPlatforms) = preSolution
		Debug|Any CPU = Debug|Any CPU
		Release|Any CPU = Release|Any CPU
	EndGlobalSection
	GlobalSection(ProjectConfigurationPlatforms) = postSolution
		{053A7958-836E-4F63-B868-BC016E54A95A}.Debug|Any CPU.ActiveCfg = Debug|Any CPU
		{053A7958-836E-4F63-B868-BC016E54A95A}.Debug|Any CPU.Build.0 = Debug|Any CPU
		{053A7958-836E-4F63-B868-BC016E54A95A}.Release|Any CPU.ActiveCfg = Release|Any CPU
		{053A7958-836E-4F63-B868-BC016E54A95A}.Release|Any CPU.Build.0 = Release|Any CPU
	EndGlobalSection
	GlobalSection(SolutionProperties) = preSolution
		HideSolutionNode = FALSE
	EndGlobalSection
	GlobalSection(ExtensibilityGlobals) = postSolution
		SolutionGuid = {FDB53E5B-A8CE-4039-9169-1DA7F7DC8280}
	EndGlobalSection
EndGlobal
